
Microsoft Visual Studio Solution File, Format Version 12.00
Project("{FAE04EC0-301F-11D3-BF4B-00C04F79EFBC}") = "PrincessAndContenders.Tests", "PrincessAndContenders.Tests\PrincessAndContenders.Tests.csproj", "{80C99A08-66E7-4879-BAEB-724CDD730DAC}"
EndProject
Project("{FAE04EC0-301F-11D3-BF4B-00C04F79EFBC}") = "PrincessAndContenders", "PrincessAndContenders\PrincessAndContenders.csproj", "{C92CA334-1890-4615-9DB1-72B2C55ADAE6}"
EndProject
Global
	GlobalSection(SolutionConfigurationPlatforms) = preSolution
		Debug|Any CPU = Debug|Any CPU
		Release|Any CPU = Release|Any CPU
	EndGlobalSection
	GlobalSection(ProjectConfigurationPlatforms) = postSolution
		{80C99A08-66E7-4879-BAEB-724CDD730DAC}.Debug|Any CPU.ActiveCfg = Debug|Any CPU
		{80C99A08-66E7-4879-BAEB-724CDD730DAC}.Debug|Any CPU.Build.0 = Debug|Any CPU
		{80C99A08-66E7-4879-BAEB-724CDD730DAC}.Release|Any CPU.ActiveCfg = Release|Any CPU
		{80C99A08-66E7-4879-BAEB-724CDD730DAC}.Release|Any CPU.Build.0 = Release|Any CPU
		{C92CA334-1890-4615-9DB1-72B2C55ADAE6}.Debug|Any CPU.ActiveCfg = Debug|Any CPU
		{C92CA334-1890-4615-9DB1-72B2C55ADAE6}.Debug|Any CPU.Build.0 = Debug|Any CPU
		{C92CA334-1890-4615-9DB1-72B2C55ADAE6}.Release|Any CPU.ActiveCfg = Release|Any CPU
		{C92CA334-1890-4615-9DB1-72B2C55ADAE6}.Release|Any CPU.Build.0 = Release|Any CPU
	EndGlobalSection
EndGlobal
