
Microsoft Visual Studio Solution File, Format Version 12.00
Project("{FAE04EC0-301F-11D3-BF4B-00C04F79EFBC}") = "PrincessAndContenders.Tests", "PrincessAndContenders.Tests\PrincessAndContenders.Tests.csproj", "{80C99A08-66E7-4879-BAEB-724CDD730DAC}"
EndProject
Project("{FAE04EC0-301F-11D3-BF4B-00C04F79EFBC}") = "PrincessAndContenders", "PrincessAndContenders\PrincessAndContenders.csproj", "{C92CA334-1890-4615-9DB1-72B2C55ADAE6}"
EndProject
Project("{FAE04EC0-301F-11D3-BF4B-00C04F79EFBC}") = "PrincessAndContenders.Simulator", "PrincessAndContenders.Simulator\PrincessAndContenders.Simulator.csproj", "{3B8B6CE8-39A0-4F80-989F-93B96FE30B43}"
EndProject
Project("{FAE04EC0-301F-11D3-BF4B-00C04F79EFBC}") = "PrincessAndContenders.Data", "PrincessAndContenders.Data\PrincessAndContenders.Data.csproj", "{FF99D827-92C3-4655-8A4A-07AFE96B7B2C}"
EndProject
Project("{FAE04EC0-301F-11D3-BF4B-00C04F79EFBC}") = "PrincessAndContenders.Client", "PrincessAndContenders.Client\PrincessAndContenders.Client.csproj", "{B8756166-4B83-4D55-9205-811A3510F93A}"
EndProject
Global
	GlobalSection(SolutionConfigurationPlatforms) = preSolution
		Debug|Any CPU = Debug|Any CPU
		Release|Any CPU = Release|Any CPU
	EndGlobalSection
	GlobalSection(ProjectConfigurationPlatforms) = postSolution
		{80C99A08-66E7-4879-BAEB-724CDD730DAC}.Debug|Any CPU.ActiveCfg = Debug|Any CPU
		{80C99A08-66E7-4879-BAEB-724CDD730DAC}.Debug|Any CPU.Build.0 = Debug|Any CPU
		{80C99A08-66E7-4879-BAEB-724CDD730DAC}.Release|Any CPU.ActiveCfg = Release|Any CPU
		{80C99A08-66E7-4879-BAEB-724CDD730DAC}.Release|Any CPU.Build.0 = Release|Any CPU
		{C92CA334-1890-4615-9DB1-72B2C55ADAE6}.Debug|Any CPU.ActiveCfg = Debug|Any CPU
		{C92CA334-1890-4615-9DB1-72B2C55ADAE6}.Debug|Any CPU.Build.0 = Debug|Any CPU
		{C92CA334-1890-4615-9DB1-72B2C55ADAE6}.Release|Any CPU.ActiveCfg = Release|Any CPU
		{C92CA334-1890-4615-9DB1-72B2C55ADAE6}.Release|Any CPU.Build.0 = Release|Any CPU
		{3B8B6CE8-39A0-4F80-989F-93B96FE30B43}.Debug|Any CPU.ActiveCfg = Debug|Any CPU
		{3B8B6CE8-39A0-4F80-989F-93B96FE30B43}.Debug|Any CPU.Build.0 = Debug|Any CPU
		{3B8B6CE8-39A0-4F80-989F-93B96FE30B43}.Release|Any CPU.ActiveCfg = Release|Any CPU
		{3B8B6CE8-39A0-4F80-989F-93B96FE30B43}.Release|Any CPU.Build.0 = Release|Any CPU
		{FF99D827-92C3-4655-8A4A-07AFE96B7B2C}.Debug|Any CPU.ActiveCfg = Debug|Any CPU
		{FF99D827-92C3-4655-8A4A-07AFE96B7B2C}.Debug|Any CPU.Build.0 = Debug|Any CPU
		{FF99D827-92C3-4655-8A4A-07AFE96B7B2C}.Release|Any CPU.ActiveCfg = Release|Any CPU
		{FF99D827-92C3-4655-8A4A-07AFE96B7B2C}.Release|Any CPU.Build.0 = Release|Any CPU
		{B8756166-4B83-4D55-9205-811A3510F93A}.Debug|Any CPU.ActiveCfg = Debug|Any CPU
		{B8756166-4B83-4D55-9205-811A3510F93A}.Debug|Any CPU.Build.0 = Debug|Any CPU
		{B8756166-4B83-4D55-9205-811A3510F93A}.Release|Any CPU.ActiveCfg = Release|Any CPU
		{B8756166-4B83-4D55-9205-811A3510F93A}.Release|Any CPU.Build.0 = Release|Any CPU
	EndGlobalSection
EndGlobal
