
Microsoft Visual Studio Solution File, Format Version 12.00
Project("{FAE04EC0-301F-11D3-BF4B-00C04F79EFBC}") = "lab1", "lab1\lab1.csproj", "{A06796AC-BBD5-4ADC-B16F-A4E46F132102}"
EndProject
Project("{FAE04EC0-301F-11D3-BF4B-00C04F79EFBC}") = "lab2", "lab2\lab2.csproj", "{CCB7F4E3-8843-4BCA-A33F-4C08775BB35C}"
EndProject
Global
	GlobalSection(SolutionConfigurationPlatforms) = preSolution
		Debug|Any CPU = Debug|Any CPU
		Release|Any CPU = Release|Any CPU
	EndGlobalSection
	GlobalSection(ProjectConfigurationPlatforms) = postSolution
		{A06796AC-BBD5-4ADC-B16F-A4E46F132102}.Debug|Any CPU.ActiveCfg = Debug|Any CPU
		{A06796AC-BBD5-4ADC-B16F-A4E46F132102}.Debug|Any CPU.Build.0 = Debug|Any CPU
		{A06796AC-BBD5-4ADC-B16F-A4E46F132102}.Release|Any CPU.ActiveCfg = Release|Any CPU
		{A06796AC-BBD5-4ADC-B16F-A4E46F132102}.Release|Any CPU.Build.0 = Release|Any CPU
		{CCB7F4E3-8843-4BCA-A33F-4C08775BB35C}.Debug|Any CPU.ActiveCfg = Debug|Any CPU
		{CCB7F4E3-8843-4BCA-A33F-4C08775BB35C}.Debug|Any CPU.Build.0 = Debug|Any CPU
		{CCB7F4E3-8843-4BCA-A33F-4C08775BB35C}.Release|Any CPU.ActiveCfg = Release|Any CPU
		{CCB7F4E3-8843-4BCA-A33F-4C08775BB35C}.Release|Any CPU.Build.0 = Release|Any CPU
	EndGlobalSection
EndGlobal
